
Microsoft Visual Studio Solution File, Format Version 12.00
# Visual Studio 15
VisualStudioVersion = 15.0.26430.16
MinimumVisualStudioVersion = 10.0.40219.1
Project("{D954291E-2A0B-460D-934E-DC6B0785DB48}") = "Fitsense_VS2017", "Fitsense_VS2017\Fitsense_VS2017\Fitsense_VS2017.shproj", "{DCB34262-7D5A-4B2C-93C0-206966FA1FB4}"
EndProject
Project("{FAE04EC0-301F-11D3-BF4B-00C04F79EFBC}") = "Fitsense_VS2017.Android", "Fitsense_VS2017\Fitsense_VS2017.Android\Fitsense_VS2017.Android.csproj", "{95DC74F5-B2C7-4E09-9FC5-84988A77EF08}"
EndProject
Project("{FAE04EC0-301F-11D3-BF4B-00C04F79EFBC}") = "Fitsense_VS2017.iOS", "Fitsense_VS2017\Fitsense_VS2017.iOS\Fitsense_VS2017.iOS.csproj", "{159D2FCF-5EE3-43BA-B0F5-82D8BBF48DF1}"
EndProject
Project("{FAE04EC0-301F-11D3-BF4B-00C04F79EFBC}") = "Fitsense_VS2017.UWP", "Fitsense_VS2017\Fitsense_VS2017.UWP\Fitsense_VS2017.UWP.csproj", "{7408115A-FEF9-43DF-8A75-947394D0F610}"
EndProject
Project("{FAE04EC0-301F-11D3-BF4B-00C04F79EFBC}") = "FitSenseAppPort", "FitSenseAppPort\FitSenseAppPort.csproj", "{ED51B514-CB58-41A5-A5FC-CB118619B7FD}"
EndProject
Global
	GlobalSection(SharedMSBuildProjectFiles) = preSolution
		Fitsense_VS2017\Fitsense_VS2017\Fitsense_VS2017.projitems*{159d2fcf-5ee3-43ba-b0f5-82d8bbf48df1}*SharedItemsImports = 4
		Fitsense_VS2017\Fitsense_VS2017\Fitsense_VS2017.projitems*{7408115a-fef9-43df-8a75-947394d0f610}*SharedItemsImports = 4
		Fitsense_VS2017\Fitsense_VS2017\Fitsense_VS2017.projitems*{95dc74f5-b2c7-4e09-9fc5-84988a77ef08}*SharedItemsImports = 4
		Fitsense_VS2017\Fitsense_VS2017\Fitsense_VS2017.projitems*{dcb34262-7d5a-4b2c-93c0-206966fa1fb4}*SharedItemsImports = 13
	EndGlobalSection
	GlobalSection(SolutionConfigurationPlatforms) = preSolution
		Ad-Hoc|Any CPU = Ad-Hoc|Any CPU
		Ad-Hoc|ARM = Ad-Hoc|ARM
		Ad-Hoc|iPhone = Ad-Hoc|iPhone
		Ad-Hoc|iPhoneSimulator = Ad-Hoc|iPhoneSimulator
		Ad-Hoc|x64 = Ad-Hoc|x64
		Ad-Hoc|x86 = Ad-Hoc|x86
		AppStore|Any CPU = AppStore|Any CPU
		AppStore|ARM = AppStore|ARM
		AppStore|iPhone = AppStore|iPhone
		AppStore|iPhoneSimulator = AppStore|iPhoneSimulator
		AppStore|x64 = AppStore|x64
		AppStore|x86 = AppStore|x86
		Debug|Any CPU = Debug|Any CPU
		Debug|ARM = Debug|ARM
		Debug|iPhone = Debug|iPhone
		Debug|iPhoneSimulator = Debug|iPhoneSimulator
		Debug|x64 = Debug|x64
		Debug|x86 = Debug|x86
		Release|Any CPU = Release|Any CPU
		Release|ARM = Release|ARM
		Release|iPhone = Release|iPhone
		Release|iPhoneSimulator = Release|iPhoneSimulator
		Release|x64 = Release|x64
		Release|x86 = Release|x86
	EndGlobalSection
	GlobalSection(ProjectConfigurationPlatforms) = postSolution
		{95DC74F5-B2C7-4E09-9FC5-84988A77EF08}.Ad-Hoc|Any CPU.ActiveCfg = Release|Any CPU
		{95DC74F5-B2C7-4E09-9FC5-84988A77EF08}.Ad-Hoc|Any CPU.Build.0 = Release|Any CPU
		{95DC74F5-B2C7-4E09-9FC5-84988A77EF08}.Ad-Hoc|Any CPU.Deploy.0 = Release|Any CPU
		{95DC74F5-B2C7-4E09-9FC5-84988A77EF08}.Ad-Hoc|ARM.ActiveCfg = Release|Any CPU
		{95DC74F5-B2C7-4E09-9FC5-84988A77EF08}.Ad-Hoc|ARM.Build.0 = Release|Any CPU
		{95DC74F5-B2C7-4E09-9FC5-84988A77EF08}.Ad-Hoc|ARM.Deploy.0 = Release|Any CPU
		{95DC74F5-B2C7-4E09-9FC5-84988A77EF08}.Ad-Hoc|iPhone.ActiveCfg = Release|Any CPU
		{95DC74F5-B2C7-4E09-9FC5-84988A77EF08}.Ad-Hoc|iPhone.Build.0 = Release|Any CPU
		{95DC74F5-B2C7-4E09-9FC5-84988A77EF08}.Ad-Hoc|iPhone.Deploy.0 = Release|Any CPU
		{95DC74F5-B2C7-4E09-9FC5-84988A77EF08}.Ad-Hoc|iPhoneSimulator.ActiveCfg = Release|Any CPU
		{95DC74F5-B2C7-4E09-9FC5-84988A77EF08}.Ad-Hoc|iPhoneSimulator.Build.0 = Release|Any CPU
		{95DC74F5-B2C7-4E09-9FC5-84988A77EF08}.Ad-Hoc|iPhoneSimulator.Deploy.0 = Release|Any CPU
		{95DC74F5-B2C7-4E09-9FC5-84988A77EF08}.Ad-Hoc|x64.ActiveCfg = Release|Any CPU
		{95DC74F5-B2C7-4E09-9FC5-84988A77EF08}.Ad-Hoc|x64.Build.0 = Release|Any CPU
		{95DC74F5-B2C7-4E09-9FC5-84988A77EF08}.Ad-Hoc|x64.Deploy.0 = Release|Any CPU
		{95DC74F5-B2C7-4E09-9FC5-84988A77EF08}.Ad-Hoc|x86.ActiveCfg = Release|Any CPU
		{95DC74F5-B2C7-4E09-9FC5-84988A77EF08}.Ad-Hoc|x86.Build.0 = Release|Any CPU
		{95DC74F5-B2C7-4E09-9FC5-84988A77EF08}.Ad-Hoc|x86.Deploy.0 = Release|Any CPU
		{95DC74F5-B2C7-4E09-9FC5-84988A77EF08}.AppStore|Any CPU.ActiveCfg = Release|Any CPU
		{95DC74F5-B2C7-4E09-9FC5-84988A77EF08}.AppStore|Any CPU.Build.0 = Release|Any CPU
		{95DC74F5-B2C7-4E09-9FC5-84988A77EF08}.AppStore|Any CPU.Deploy.0 = Release|Any CPU
		{95DC74F5-B2C7-4E09-9FC5-84988A77EF08}.AppStore|ARM.ActiveCfg = Release|Any CPU
		{95DC74F5-B2C7-4E09-9FC5-84988A77EF08}.AppStore|ARM.Build.0 = Release|Any CPU
		{95DC74F5-B2C7-4E09-9FC5-84988A77EF08}.AppStore|ARM.Deploy.0 = Release|Any CPU
		{95DC74F5-B2C7-4E09-9FC5-84988A77EF08}.AppStore|iPhone.ActiveCfg = Release|Any CPU
		{95DC74F5-B2C7-4E09-9FC5-84988A77EF08}.AppStore|iPhone.Build.0 = Release|Any CPU
		{95DC74F5-B2C7-4E09-9FC5-84988A77EF08}.AppStore|iPhone.Deploy.0 = Release|Any CPU
		{95DC74F5-B2C7-4E09-9FC5-84988A77EF08}.AppStore|iPhoneSimulator.ActiveCfg = Release|Any CPU
		{95DC74F5-B2C7-4E09-9FC5-84988A77EF08}.AppStore|iPhoneSimulator.Build.0 = Release|Any CPU
		{95DC74F5-B2C7-4E09-9FC5-84988A77EF08}.AppStore|iPhoneSimulator.Deploy.0 = Release|Any CPU
		{95DC74F5-B2C7-4E09-9FC5-84988A77EF08}.AppStore|x64.ActiveCfg = Release|Any CPU
		{95DC74F5-B2C7-4E09-9FC5-84988A77EF08}.AppStore|x64.Build.0 = Release|Any CPU
		{95DC74F5-B2C7-4E09-9FC5-84988A77EF08}.AppStore|x64.Deploy.0 = Release|Any CPU
		{95DC74F5-B2C7-4E09-9FC5-84988A77EF08}.AppStore|x86.ActiveCfg = Release|Any CPU
		{95DC74F5-B2C7-4E09-9FC5-84988A77EF08}.AppStore|x86.Build.0 = Release|Any CPU
		{95DC74F5-B2C7-4E09-9FC5-84988A77EF08}.AppStore|x86.Deploy.0 = Release|Any CPU
		{95DC74F5-B2C7-4E09-9FC5-84988A77EF08}.Debug|Any CPU.ActiveCfg = Debug|Any CPU
		{95DC74F5-B2C7-4E09-9FC5-84988A77EF08}.Debug|Any CPU.Build.0 = Debug|Any CPU
		{95DC74F5-B2C7-4E09-9FC5-84988A77EF08}.Debug|Any CPU.Deploy.0 = Debug|Any CPU
		{95DC74F5-B2C7-4E09-9FC5-84988A77EF08}.Debug|ARM.ActiveCfg = Debug|Any CPU
		{95DC74F5-B2C7-4E09-9FC5-84988A77EF08}.Debug|ARM.Build.0 = Debug|Any CPU
		{95DC74F5-B2C7-4E09-9FC5-84988A77EF08}.Debug|ARM.Deploy.0 = Debug|Any CPU
		{95DC74F5-B2C7-4E09-9FC5-84988A77EF08}.Debug|iPhone.ActiveCfg = Debug|Any CPU
		{95DC74F5-B2C7-4E09-9FC5-84988A77EF08}.Debug|iPhone.Build.0 = Debug|Any CPU
		{95DC74F5-B2C7-4E09-9FC5-84988A77EF08}.Debug|iPhone.Deploy.0 = Debug|Any CPU
		{95DC74F5-B2C7-4E09-9FC5-84988A77EF08}.Debug|iPhoneSimulator.ActiveCfg = Debug|Any CPU
		{95DC74F5-B2C7-4E09-9FC5-84988A77EF08}.Debug|iPhoneSimulator.Build.0 = Debug|Any CPU
		{95DC74F5-B2C7-4E09-9FC5-84988A77EF08}.Debug|iPhoneSimulator.Deploy.0 = Debug|Any CPU
		{95DC74F5-B2C7-4E09-9FC5-84988A77EF08}.Debug|x64.ActiveCfg = Debug|Any CPU
		{95DC74F5-B2C7-4E09-9FC5-84988A77EF08}.Debug|x64.Build.0 = Debug|Any CPU
		{95DC74F5-B2C7-4E09-9FC5-84988A77EF08}.Debug|x64.Deploy.0 = Debug|Any CPU
		{95DC74F5-B2C7-4E09-9FC5-84988A77EF08}.Debug|x86.ActiveCfg = Debug|Any CPU
		{95DC74F5-B2C7-4E09-9FC5-84988A77EF08}.Debug|x86.Build.0 = Debug|Any CPU
		{95DC74F5-B2C7-4E09-9FC5-84988A77EF08}.Debug|x86.Deploy.0 = Debug|Any CPU
		{95DC74F5-B2C7-4E09-9FC5-84988A77EF08}.Release|Any CPU.ActiveCfg = Release|Any CPU
		{95DC74F5-B2C7-4E09-9FC5-84988A77EF08}.Release|Any CPU.Build.0 = Release|Any CPU
		{95DC74F5-B2C7-4E09-9FC5-84988A77EF08}.Release|Any CPU.Deploy.0 = Release|Any CPU
		{95DC74F5-B2C7-4E09-9FC5-84988A77EF08}.Release|ARM.ActiveCfg = Release|Any CPU
		{95DC74F5-B2C7-4E09-9FC5-84988A77EF08}.Release|ARM.Build.0 = Release|Any CPU
		{95DC74F5-B2C7-4E09-9FC5-84988A77EF08}.Release|ARM.Deploy.0 = Release|Any CPU
		{95DC74F5-B2C7-4E09-9FC5-84988A77EF08}.Release|iPhone.ActiveCfg = Release|Any CPU
		{95DC74F5-B2C7-4E09-9FC5-84988A77EF08}.Release|iPhone.Build.0 = Release|Any CPU
		{95DC74F5-B2C7-4E09-9FC5-84988A77EF08}.Release|iPhone.Deploy.0 = Release|Any CPU
		{95DC74F5-B2C7-4E09-9FC5-84988A77EF08}.Release|iPhoneSimulator.ActiveCfg = Release|Any CPU
		{95DC74F5-B2C7-4E09-9FC5-84988A77EF08}.Release|iPhoneSimulator.Build.0 = Release|Any CPU
		{95DC74F5-B2C7-4E09-9FC5-84988A77EF08}.Release|iPhoneSimulator.Deploy.0 = Release|Any CPU
		{95DC74F5-B2C7-4E09-9FC5-84988A77EF08}.Release|x64.ActiveCfg = Release|Any CPU
		{95DC74F5-B2C7-4E09-9FC5-84988A77EF08}.Release|x64.Build.0 = Release|Any CPU
		{95DC74F5-B2C7-4E09-9FC5-84988A77EF08}.Release|x64.Deploy.0 = Release|Any CPU
		{95DC74F5-B2C7-4E09-9FC5-84988A77EF08}.Release|x86.ActiveCfg = Release|Any CPU
		{95DC74F5-B2C7-4E09-9FC5-84988A77EF08}.Release|x86.Build.0 = Release|Any CPU
		{95DC74F5-B2C7-4E09-9FC5-84988A77EF08}.Release|x86.Deploy.0 = Release|Any CPU
		{159D2FCF-5EE3-43BA-B0F5-82D8BBF48DF1}.Ad-Hoc|Any CPU.ActiveCfg = Ad-Hoc|iPhone
		{159D2FCF-5EE3-43BA-B0F5-82D8BBF48DF1}.Ad-Hoc|ARM.ActiveCfg = Ad-Hoc|iPhone
		{159D2FCF-5EE3-43BA-B0F5-82D8BBF48DF1}.Ad-Hoc|iPhone.ActiveCfg = Ad-Hoc|iPhone
		{159D2FCF-5EE3-43BA-B0F5-82D8BBF48DF1}.Ad-Hoc|iPhone.Build.0 = Ad-Hoc|iPhone
		{159D2FCF-5EE3-43BA-B0F5-82D8BBF48DF1}.Ad-Hoc|iPhoneSimulator.ActiveCfg = Ad-Hoc|iPhoneSimulator
		{159D2FCF-5EE3-43BA-B0F5-82D8BBF48DF1}.Ad-Hoc|iPhoneSimulator.Build.0 = Ad-Hoc|iPhoneSimulator
		{159D2FCF-5EE3-43BA-B0F5-82D8BBF48DF1}.Ad-Hoc|x64.ActiveCfg = Ad-Hoc|iPhone
		{159D2FCF-5EE3-43BA-B0F5-82D8BBF48DF1}.Ad-Hoc|x86.ActiveCfg = Ad-Hoc|iPhone
		{159D2FCF-5EE3-43BA-B0F5-82D8BBF48DF1}.AppStore|Any CPU.ActiveCfg = AppStore|iPhone
		{159D2FCF-5EE3-43BA-B0F5-82D8BBF48DF1}.AppStore|ARM.ActiveCfg = AppStore|iPhone
		{159D2FCF-5EE3-43BA-B0F5-82D8BBF48DF1}.AppStore|iPhone.ActiveCfg = AppStore|iPhone
		{159D2FCF-5EE3-43BA-B0F5-82D8BBF48DF1}.AppStore|iPhone.Build.0 = AppStore|iPhone
		{159D2FCF-5EE3-43BA-B0F5-82D8BBF48DF1}.AppStore|iPhoneSimulator.ActiveCfg = AppStore|iPhoneSimulator
		{159D2FCF-5EE3-43BA-B0F5-82D8BBF48DF1}.AppStore|iPhoneSimulator.Build.0 = AppStore|iPhoneSimulator
		{159D2FCF-5EE3-43BA-B0F5-82D8BBF48DF1}.AppStore|x64.ActiveCfg = AppStore|iPhone
		{159D2FCF-5EE3-43BA-B0F5-82D8BBF48DF1}.AppStore|x86.ActiveCfg = AppStore|iPhone
		{159D2FCF-5EE3-43BA-B0F5-82D8BBF48DF1}.Debug|Any CPU.ActiveCfg = Debug|iPhone
		{159D2FCF-5EE3-43BA-B0F5-82D8BBF48DF1}.Debug|ARM.ActiveCfg = Debug|iPhone
		{159D2FCF-5EE3-43BA-B0F5-82D8BBF48DF1}.Debug|iPhone.ActiveCfg = Debug|iPhone
		{159D2FCF-5EE3-43BA-B0F5-82D8BBF48DF1}.Debug|iPhone.Build.0 = Debug|iPhone
		{159D2FCF-5EE3-43BA-B0F5-82D8BBF48DF1}.Debug|iPhoneSimulator.ActiveCfg = Debug|iPhoneSimulator
		{159D2FCF-5EE3-43BA-B0F5-82D8BBF48DF1}.Debug|iPhoneSimulator.Build.0 = Debug|iPhoneSimulator
		{159D2FCF-5EE3-43BA-B0F5-82D8BBF48DF1}.Debug|x64.ActiveCfg = Debug|iPhone
		{159D2FCF-5EE3-43BA-B0F5-82D8BBF48DF1}.Debug|x86.ActiveCfg = Debug|iPhone
		{159D2FCF-5EE3-43BA-B0F5-82D8BBF48DF1}.Release|Any CPU.ActiveCfg = Release|iPhone
		{159D2FCF-5EE3-43BA-B0F5-82D8BBF48DF1}.Release|ARM.ActiveCfg = Release|iPhone
		{159D2FCF-5EE3-43BA-B0F5-82D8BBF48DF1}.Release|iPhone.ActiveCfg = Release|iPhone
		{159D2FCF-5EE3-43BA-B0F5-82D8BBF48DF1}.Release|iPhone.Build.0 = Release|iPhone
		{159D2FCF-5EE3-43BA-B0F5-82D8BBF48DF1}.Release|iPhoneSimulator.ActiveCfg = Release|iPhoneSimulator
		{159D2FCF-5EE3-43BA-B0F5-82D8BBF48DF1}.Release|iPhoneSimulator.Build.0 = Release|iPhoneSimulator
		{159D2FCF-5EE3-43BA-B0F5-82D8BBF48DF1}.Release|x64.ActiveCfg = Release|iPhone
		{159D2FCF-5EE3-43BA-B0F5-82D8BBF48DF1}.Release|x86.ActiveCfg = Release|iPhone
		{7408115A-FEF9-43DF-8A75-947394D0F610}.Ad-Hoc|Any CPU.ActiveCfg = Release|x86
		{7408115A-FEF9-43DF-8A75-947394D0F610}.Ad-Hoc|Any CPU.Build.0 = Release|x86
		{7408115A-FEF9-43DF-8A75-947394D0F610}.Ad-Hoc|Any CPU.Deploy.0 = Release|x86
		{7408115A-FEF9-43DF-8A75-947394D0F610}.Ad-Hoc|ARM.ActiveCfg = Release|ARM
		{7408115A-FEF9-43DF-8A75-947394D0F610}.Ad-Hoc|ARM.Build.0 = Release|ARM
		{7408115A-FEF9-43DF-8A75-947394D0F610}.Ad-Hoc|ARM.Deploy.0 = Release|ARM
		{7408115A-FEF9-43DF-8A75-947394D0F610}.Ad-Hoc|iPhone.ActiveCfg = Release|x86
		{7408115A-FEF9-43DF-8A75-947394D0F610}.Ad-Hoc|iPhone.Build.0 = Release|x86
		{7408115A-FEF9-43DF-8A75-947394D0F610}.Ad-Hoc|iPhone.Deploy.0 = Release|x86
		{7408115A-FEF9-43DF-8A75-947394D0F610}.Ad-Hoc|iPhoneSimulator.ActiveCfg = Release|x86
		{7408115A-FEF9-43DF-8A75-947394D0F610}.Ad-Hoc|iPhoneSimulator.Build.0 = Release|x86
		{7408115A-FEF9-43DF-8A75-947394D0F610}.Ad-Hoc|iPhoneSimulator.Deploy.0 = Release|x86
		{7408115A-FEF9-43DF-8A75-947394D0F610}.Ad-Hoc|x64.ActiveCfg = Release|x64
		{7408115A-FEF9-43DF-8A75-947394D0F610}.Ad-Hoc|x64.Build.0 = Release|x64
		{7408115A-FEF9-43DF-8A75-947394D0F610}.Ad-Hoc|x64.Deploy.0 = Release|x64
		{7408115A-FEF9-43DF-8A75-947394D0F610}.Ad-Hoc|x86.ActiveCfg = Release|x86
		{7408115A-FEF9-43DF-8A75-947394D0F610}.Ad-Hoc|x86.Build.0 = Release|x86
		{7408115A-FEF9-43DF-8A75-947394D0F610}.Ad-Hoc|x86.Deploy.0 = Release|x86
		{7408115A-FEF9-43DF-8A75-947394D0F610}.AppStore|Any CPU.ActiveCfg = Release|x86
		{7408115A-FEF9-43DF-8A75-947394D0F610}.AppStore|Any CPU.Build.0 = Release|x86
		{7408115A-FEF9-43DF-8A75-947394D0F610}.AppStore|Any CPU.Deploy.0 = Release|x86
		{7408115A-FEF9-43DF-8A75-947394D0F610}.AppStore|ARM.ActiveCfg = Release|ARM
		{7408115A-FEF9-43DF-8A75-947394D0F610}.AppStore|ARM.Build.0 = Release|ARM
		{7408115A-FEF9-43DF-8A75-947394D0F610}.AppStore|ARM.Deploy.0 = Release|ARM
		{7408115A-FEF9-43DF-8A75-947394D0F610}.AppStore|iPhone.ActiveCfg = Release|x86
		{7408115A-FEF9-43DF-8A75-947394D0F610}.AppStore|iPhone.Build.0 = Release|x86
		{7408115A-FEF9-43DF-8A75-947394D0F610}.AppStore|iPhone.Deploy.0 = Release|x86
		{7408115A-FEF9-43DF-8A75-947394D0F610}.AppStore|iPhoneSimulator.ActiveCfg = Release|x86
		{7408115A-FEF9-43DF-8A75-947394D0F610}.AppStore|iPhoneSimulator.Build.0 = Release|x86
		{7408115A-FEF9-43DF-8A75-947394D0F610}.AppStore|iPhoneSimulator.Deploy.0 = Release|x86
		{7408115A-FEF9-43DF-8A75-947394D0F610}.AppStore|x64.ActiveCfg = Release|x64
		{7408115A-FEF9-43DF-8A75-947394D0F610}.AppStore|x64.Build.0 = Release|x64
		{7408115A-FEF9-43DF-8A75-947394D0F610}.AppStore|x64.Deploy.0 = Release|x64
		{7408115A-FEF9-43DF-8A75-947394D0F610}.AppStore|x86.ActiveCfg = Release|x86
		{7408115A-FEF9-43DF-8A75-947394D0F610}.AppStore|x86.Build.0 = Release|x86
		{7408115A-FEF9-43DF-8A75-947394D0F610}.AppStore|x86.Deploy.0 = Release|x86
		{7408115A-FEF9-43DF-8A75-947394D0F610}.Debug|Any CPU.ActiveCfg = Debug|x86
		{7408115A-FEF9-43DF-8A75-947394D0F610}.Debug|ARM.ActiveCfg = Debug|ARM
		{7408115A-FEF9-43DF-8A75-947394D0F610}.Debug|ARM.Build.0 = Debug|ARM
		{7408115A-FEF9-43DF-8A75-947394D0F610}.Debug|ARM.Deploy.0 = Debug|ARM
		{7408115A-FEF9-43DF-8A75-947394D0F610}.Debug|iPhone.ActiveCfg = Debug|x86
		{7408115A-FEF9-43DF-8A75-947394D0F610}.Debug|iPhoneSimulator.ActiveCfg = Debug|x86
		{7408115A-FEF9-43DF-8A75-947394D0F610}.Debug|x64.ActiveCfg = Debug|x64
		{7408115A-FEF9-43DF-8A75-947394D0F610}.Debug|x64.Build.0 = Debug|x64
		{7408115A-FEF9-43DF-8A75-947394D0F610}.Debug|x64.Deploy.0 = Debug|x64
		{7408115A-FEF9-43DF-8A75-947394D0F610}.Debug|x86.ActiveCfg = Debug|x86
		{7408115A-FEF9-43DF-8A75-947394D0F610}.Debug|x86.Build.0 = Debug|x86
		{7408115A-FEF9-43DF-8A75-947394D0F610}.Debug|x86.Deploy.0 = Debug|x86
		{7408115A-FEF9-43DF-8A75-947394D0F610}.Release|Any CPU.ActiveCfg = Release|x86
		{7408115A-FEF9-43DF-8A75-947394D0F610}.Release|ARM.ActiveCfg = Release|ARM
		{7408115A-FEF9-43DF-8A75-947394D0F610}.Release|ARM.Build.0 = Release|ARM
		{7408115A-FEF9-43DF-8A75-947394D0F610}.Release|ARM.Deploy.0 = Release|ARM
		{7408115A-FEF9-43DF-8A75-947394D0F610}.Release|iPhone.ActiveCfg = Release|x86
		{7408115A-FEF9-43DF-8A75-947394D0F610}.Release|iPhoneSimulator.ActiveCfg = Release|x86
		{7408115A-FEF9-43DF-8A75-947394D0F610}.Release|x64.ActiveCfg = Release|x64
		{7408115A-FEF9-43DF-8A75-947394D0F610}.Release|x64.Build.0 = Release|x64
		{7408115A-FEF9-43DF-8A75-947394D0F610}.Release|x64.Deploy.0 = Release|x64
		{7408115A-FEF9-43DF-8A75-947394D0F610}.Release|x86.ActiveCfg = Release|x86
		{7408115A-FEF9-43DF-8A75-947394D0F610}.Release|x86.Build.0 = Release|x86
		{7408115A-FEF9-43DF-8A75-947394D0F610}.Release|x86.Deploy.0 = Release|x86
		{ED51B514-CB58-41A5-A5FC-CB118619B7FD}.Ad-Hoc|Any CPU.ActiveCfg = Release|Any CPU
		{ED51B514-CB58-41A5-A5FC-CB118619B7FD}.Ad-Hoc|Any CPU.Build.0 = Release|Any CPU
		{ED51B514-CB58-41A5-A5FC-CB118619B7FD}.Ad-Hoc|ARM.ActiveCfg = Release|Any CPU
		{ED51B514-CB58-41A5-A5FC-CB118619B7FD}.Ad-Hoc|ARM.Build.0 = Release|Any CPU
		{ED51B514-CB58-41A5-A5FC-CB118619B7FD}.Ad-Hoc|iPhone.ActiveCfg = Release|Any CPU
		{ED51B514-CB58-41A5-A5FC-CB118619B7FD}.Ad-Hoc|iPhone.Build.0 = Release|Any CPU
		{ED51B514-CB58-41A5-A5FC-CB118619B7FD}.Ad-Hoc|iPhoneSimulator.ActiveCfg = Release|Any CPU
		{ED51B514-CB58-41A5-A5FC-CB118619B7FD}.Ad-Hoc|iPhoneSimulator.Build.0 = Release|Any CPU
		{ED51B514-CB58-41A5-A5FC-CB118619B7FD}.Ad-Hoc|x64.ActiveCfg = Release|Any CPU
		{ED51B514-CB58-41A5-A5FC-CB118619B7FD}.Ad-Hoc|x64.Build.0 = Release|Any CPU
		{ED51B514-CB58-41A5-A5FC-CB118619B7FD}.Ad-Hoc|x86.ActiveCfg = Release|Any CPU
		{ED51B514-CB58-41A5-A5FC-CB118619B7FD}.Ad-Hoc|x86.Build.0 = Release|Any CPU
		{ED51B514-CB58-41A5-A5FC-CB118619B7FD}.AppStore|Any CPU.ActiveCfg = Release|Any CPU
		{ED51B514-CB58-41A5-A5FC-CB118619B7FD}.AppStore|Any CPU.Build.0 = Release|Any CPU
		{ED51B514-CB58-41A5-A5FC-CB118619B7FD}.AppStore|ARM.ActiveCfg = Release|Any CPU
		{ED51B514-CB58-41A5-A5FC-CB118619B7FD}.AppStore|ARM.Build.0 = Release|Any CPU
		{ED51B514-CB58-41A5-A5FC-CB118619B7FD}.AppStore|iPhone.ActiveCfg = Release|Any CPU
		{ED51B514-CB58-41A5-A5FC-CB118619B7FD}.AppStore|iPhone.Build.0 = Release|Any CPU
		{ED51B514-CB58-41A5-A5FC-CB118619B7FD}.AppStore|iPhoneSimulator.ActiveCfg = Release|Any CPU
		{ED51B514-CB58-41A5-A5FC-CB118619B7FD}.AppStore|iPhoneSimulator.Build.0 = Release|Any CPU
		{ED51B514-CB58-41A5-A5FC-CB118619B7FD}.AppStore|x64.ActiveCfg = Release|Any CPU
		{ED51B514-CB58-41A5-A5FC-CB118619B7FD}.AppStore|x64.Build.0 = Release|Any CPU
		{ED51B514-CB58-41A5-A5FC-CB118619B7FD}.AppStore|x86.ActiveCfg = Release|Any CPU
		{ED51B514-CB58-41A5-A5FC-CB118619B7FD}.AppStore|x86.Build.0 = Release|Any CPU
		{ED51B514-CB58-41A5-A5FC-CB118619B7FD}.Debug|Any CPU.ActiveCfg = Debug|Any CPU
		{ED51B514-CB58-41A5-A5FC-CB118619B7FD}.Debug|Any CPU.Build.0 = Debug|Any CPU
		{ED51B514-CB58-41A5-A5FC-CB118619B7FD}.Debug|ARM.ActiveCfg = Debug|Any CPU
		{ED51B514-CB58-41A5-A5FC-CB118619B7FD}.Debug|ARM.Build.0 = Debug|Any CPU
		{ED51B514-CB58-41A5-A5FC-CB118619B7FD}.Debug|iPhone.ActiveCfg = Debug|Any CPU
		{ED51B514-CB58-41A5-A5FC-CB118619B7FD}.Debug|iPhone.Build.0 = Debug|Any CPU
		{ED51B514-CB58-41A5-A5FC-CB118619B7FD}.Debug|iPhoneSimulator.ActiveCfg = Debug|Any CPU
		{ED51B514-CB58-41A5-A5FC-CB118619B7FD}.Debug|iPhoneSimulator.Build.0 = Debug|Any CPU
		{ED51B514-CB58-41A5-A5FC-CB118619B7FD}.Debug|x64.ActiveCfg = Debug|Any CPU
		{ED51B514-CB58-41A5-A5FC-CB118619B7FD}.Debug|x64.Build.0 = Debug|Any CPU
		{ED51B514-CB58-41A5-A5FC-CB118619B7FD}.Debug|x86.ActiveCfg = Debug|Any CPU
		{ED51B514-CB58-41A5-A5FC-CB118619B7FD}.Debug|x86.Build.0 = Debug|Any CPU
		{ED51B514-CB58-41A5-A5FC-CB118619B7FD}.Release|Any CPU.ActiveCfg = Release|Any CPU
		{ED51B514-CB58-41A5-A5FC-CB118619B7FD}.Release|Any CPU.Build.0 = Release|Any CPU
		{ED51B514-CB58-41A5-A5FC-CB118619B7FD}.Release|ARM.ActiveCfg = Release|Any CPU
		{ED51B514-CB58-41A5-A5FC-CB118619B7FD}.Release|ARM.Build.0 = Release|Any CPU
		{ED51B514-CB58-41A5-A5FC-CB118619B7FD}.Release|iPhone.ActiveCfg = Release|Any CPU
		{ED51B514-CB58-41A5-A5FC-CB118619B7FD}.Release|iPhone.Build.0 = Release|Any CPU
		{ED51B514-CB58-41A5-A5FC-CB118619B7FD}.Release|iPhoneSimulator.ActiveCfg = Release|Any CPU
		{ED51B514-CB58-41A5-A5FC-CB118619B7FD}.Release|iPhoneSimulator.Build.0 = Release|Any CPU
		{ED51B514-CB58-41A5-A5FC-CB118619B7FD}.Release|x64.ActiveCfg = Release|Any CPU
		{ED51B514-CB58-41A5-A5FC-CB118619B7FD}.Release|x64.Build.0 = Release|Any CPU
		{ED51B514-CB58-41A5-A5FC-CB118619B7FD}.Release|x86.ActiveCfg = Release|Any CPU
		{ED51B514-CB58-41A5-A5FC-CB118619B7FD}.Release|x86.Build.0 = Release|Any CPU
	EndGlobalSection
	GlobalSection(SolutionProperties) = preSolution
		HideSolutionNode = FALSE
	EndGlobalSection
EndGlobal
